
Microsoft Visual Studio Solution File, Format Version 12.00
# Visual Studio Version 17
VisualStudioVersion = 17.13.35913.81 d17.13
MinimumVisualStudioVersion = 10.0.40219.1
Project("{FAE04EC0-301F-11D3-BF4B-00C04F79EFBC}") = "1", "1.csproj", "{316327DA-E6D6-46E2-A61F-6785432954AD}"
EndProject
Global
	GlobalSection(SolutionConfigurationPlatforms) = preSolution
		Debug|Any CPU = Debug|Any CPU
		Release|Any CPU = Release|Any CPU
	EndGlobalSection
	GlobalSection(ProjectConfigurationPlatforms) = postSolution
		{316327DA-E6D6-46E2-A61F-6785432954AD}.Debug|Any CPU.ActiveCfg = Debug|Any CPU
		{316327DA-E6D6-46E2-A61F-6785432954AD}.Debug|Any CPU.Build.0 = Debug|Any CPU
		{316327DA-E6D6-46E2-A61F-6785432954AD}.Release|Any CPU.ActiveCfg = Release|Any CPU
		{316327DA-E6D6-46E2-A61F-6785432954AD}.Release|Any CPU.Build.0 = Release|Any CPU
	EndGlobalSection
	GlobalSection(SolutionProperties) = preSolution
		HideSolutionNode = FALSE
	EndGlobalSection
	GlobalSection(ExtensibilityGlobals) = postSolution
		SolutionGuid = {813F423B-E026-4DBC-BCD7-350175840B5D}
	EndGlobalSection
EndGlobal
